
Microsoft Visual Studio Solution File, Format Version 12.00
# Visual Studio Version 17
VisualStudioVersion = 17.5.002.0
MinimumVisualStudioVersion = 10.0.40219.1
Project("{9A19103F-16F7-4668-BE54-9A1E7A4F7556}") = "webb", "webb.csproj", "{0B366F94-1768-4330-9801-32AD946F2591}"
EndProject
Global
	GlobalSection(SolutionConfigurationPlatforms) = preSolution
		Debug|Any CPU = Debug|Any CPU
		Release|Any CPU = Release|Any CPU
	EndGlobalSection
	GlobalSection(ProjectConfigurationPlatforms) = postSolution
		{0B366F94-1768-4330-9801-32AD946F2591}.Debug|Any CPU.ActiveCfg = Debug|Any CPU
		{0B366F94-1768-4330-9801-32AD946F2591}.Debug|Any CPU.Build.0 = Debug|Any CPU
		{0B366F94-1768-4330-9801-32AD946F2591}.Release|Any CPU.ActiveCfg = Release|Any CPU
		{0B366F94-1768-4330-9801-32AD946F2591}.Release|Any CPU.Build.0 = Release|Any CPU
	EndGlobalSection
	GlobalSection(SolutionProperties) = preSolution
		HideSolutionNode = FALSE
	EndGlobalSection
	GlobalSection(ExtensibilityGlobals) = postSolution
		SolutionGuid = {744CE5CF-A65B-4DC2-8186-ED7C05681E8A}
	EndGlobalSection
EndGlobal
